
Microsoft Visual Studio Solution File, Format Version 12.00
# Visual Studio 15
VisualStudioVersion = 15.0.26730.16
MinimumVisualStudioVersion = 15.0.26124.0
Project("{9A19103F-16F7-4668-BE54-9A1E7A4F7556}") = "BHN.Core", "BHN.Core\BHN.Core.csproj", "{ACDEE3FB-3C7D-4016-AB55-AD9B2B8B704D}"
EndProject
Project("{9A19103F-16F7-4668-BE54-9A1E7A4F7556}") = "BHN.Infrastructure.Http", "BHN.Infrastructure.Http\BHN.Infrastructure.Http.csproj", "{C1D9695D-20B7-4F98-AC46-CB9B342CCC22}"
EndProject
Project("{9A19103F-16F7-4668-BE54-9A1E7A4F7556}") = "BHN.Infrastructure.MongoDb", "BHN.Infrastructure.MongoDb\BHN.Infrastructure.MongoDb.csproj", "{50D7D59D-E4FF-4439-9C9E-70EF14FE2A8E}"
EndProject
Project("{9A19103F-16F7-4668-BE54-9A1E7A4F7556}") = "BHN.WebApi", "BHN.WebApi\BHN.WebApi.csproj", "{CE55506F-156E-490E-8649-0AE433DA63B5}"
EndProject
Project("{9A19103F-16F7-4668-BE54-9A1E7A4F7556}") = "BHN.Application", "BHN.Application\BHN.Application.csproj", "{0C3C59A1-56EB-448B-B279-459DC7E3DB8E}"
EndProject
Project("{9A19103F-16F7-4668-BE54-9A1E7A4F7556}") = "BHN.Application.Impl", "BHN.Application.Impl\BHN.Application.Impl.csproj", "{48285A8A-BBEE-4BF2-98CE-01BC30E9BFC0}"
EndProject
Project("{9A19103F-16F7-4668-BE54-9A1E7A4F7556}") = "BHN.Domain", "BHN.Domain\BHN.Domain.csproj", "{0EC45958-9D4C-40EE-8581-83425C39EC1B}"
EndProject
Project("{2150E333-8FDC-42A3-9474-1A3956D46DE8}") = "4. Infrastructure Layer", "4. Infrastructure Layer", "{2D48F0AF-12A4-4F23-8D4B-CC21946A55EC}"
EndProject
Project("{2150E333-8FDC-42A3-9474-1A3956D46DE8}") = "1. DI", "1. DI", "{C3DC1F07-C6EA-4D05-82AD-3B8C0099FA38}"
EndProject
Project("{2150E333-8FDC-42A3-9474-1A3956D46DE8}") = "2. MongoDB", "2. MongoDB", "{DECE960B-BDC7-4D30-8914-88BC62097DEE}"
EndProject
Project("{2150E333-8FDC-42A3-9474-1A3956D46DE8}") = "3. Http", "3. Http", "{204FE026-44A4-4D8F-87FD-BBDECE935061}"
EndProject
Project("{2150E333-8FDC-42A3-9474-1A3956D46DE8}") = "3. Domain Layer", "3. Domain Layer", "{76E11640-1F17-48B8-AD3E-45F1635DEBF5}"
EndProject
Project("{2150E333-8FDC-42A3-9474-1A3956D46DE8}") = "2. Application Layer", "2. Application Layer", "{1288AD58-942A-403B-84F6-FD39C31AFDFE}"
EndProject
Project("{2150E333-8FDC-42A3-9474-1A3956D46DE8}") = "1. Contracts", "1. Contracts", "{6646AFA9-FD96-435D-8829-DB0D4A93323F}"
EndProject
Project("{2150E333-8FDC-42A3-9474-1A3956D46DE8}") = "2. Implementations", "2. Implementations", "{8B89CD08-65A3-4645-AEC8-B590F85FCBE1}"
EndProject
Project("{2150E333-8FDC-42A3-9474-1A3956D46DE8}") = "1. Host Layer", "1. Host Layer", "{3893F74C-BF4F-48BF-96C4-78362F06E435}"
EndProject
Project("{2150E333-8FDC-42A3-9474-1A3956D46DE8}") = "5. Tests", "5. Tests", "{D8DA06F5-11A7-45C3-B84E-A83DA9F8BDA0}"
EndProject
Project("{9A19103F-16F7-4668-BE54-9A1E7A4F7556}") = "BHN.UnitTest", "BHN.UnitTest\BHN.UnitTest.csproj", "{DB49E001-4230-4C03-AB39-A9B3F35433AA}"
EndProject
Project("{2150E333-8FDC-42A3-9474-1A3956D46DE8}") = "0. Common", "0. Common", "{B80AE119-CFAF-471C-A119-A5E3060B1876}"
EndProject
Project("{9A19103F-16F7-4668-BE54-9A1E7A4F7556}") = "BHN.Common", "BHN.Common\BHN.Common.csproj", "{1070D1C8-9AD0-46AE-8972-CC0AD7C90246}"
EndProject
Project("{2150E333-8FDC-42A3-9474-1A3956D46DE8}") = "BHN", "BHN", "{17F5F5DA-0C04-45B9-9786-2A8C4874E3D4}"
EndProject
Project("{9A19103F-16F7-4668-BE54-9A1E7A4F7556}") = "BHN.Infrastructure.DI", "BHN.Infrastructure.DI\BHN.Infrastructure.DI.csproj", "{DFBF973C-1C41-4804-AB9D-7C626BC032A4}"
EndProject
Project("{2150E333-8FDC-42A3-9474-1A3956D46DE8}") = "Orquestrador", "Orquestrador", "{CA923EEE-B027-40D4-9421-7D957B46455E}"
EndProject
Project("{9A19103F-16F7-4668-BE54-9A1E7A4F7556}") = "Orquestrador.Application", "Orquestrador.Application\Orquestrador.Application.csproj", "{B34901DB-B9BC-481C-9758-2F6F3271E256}"
EndProject
Project("{9A19103F-16F7-4668-BE54-9A1E7A4F7556}") = "Orquestrador.Application.Impl", "Orquestrador.Application.Impl\Orquestrador.Application.Impl.csproj", "{BEC6E9A3-1CCD-4B75-8F84-7A26BAD537F9}"
EndProject
Project("{9A19103F-16F7-4668-BE54-9A1E7A4F7556}") = "Orquestrador.Common", "Orquestrador.Common\Orquestrador.Common.csproj", "{8C12E36F-47C2-4CE9-84B6-EB997520B7D2}"
EndProject
Project("{9A19103F-16F7-4668-BE54-9A1E7A4F7556}") = "Orquestrador.Core", "Orquestrador.Core\Orquestrador.Core.csproj", "{1B70E647-B581-4403-BE27-DD6ECCABA866}"
EndProject
Project("{9A19103F-16F7-4668-BE54-9A1E7A4F7556}") = "Orquestrador.Domain", "Orquestrador.Domain\Orquestrador.Domain.csproj", "{DCE311EF-064C-4451-899F-C64C83EB42D4}"
EndProject
Project("{9A19103F-16F7-4668-BE54-9A1E7A4F7556}") = "Orquestrador.Infrastructure.DI", "Orquestrador.Infrastructure.DI\Orquestrador.Infrastructure.DI.csproj", "{CC4D4F98-76EF-43DA-9FB6-267ECBDE6B88}"
EndProject
Project("{9A19103F-16F7-4668-BE54-9A1E7A4F7556}") = "Orquestrador.Infrastructure.Http", "Orquestrador.Infrastructure.Http\Orquestrador.Infrastructure.Http.csproj", "{7D2A3B52-E361-44C5-9B0E-BCA5286E09AC}"
EndProject
Project("{9A19103F-16F7-4668-BE54-9A1E7A4F7556}") = "Orquestrador.Infrastructure.MongoDb", "Orquestrador.Infrastructure.MongoDb\Orquestrador.Infrastructure.MongoDb.csproj", "{052D480C-5819-4DE9-A229-998BFFB360AA}"
EndProject
Project("{9A19103F-16F7-4668-BE54-9A1E7A4F7556}") = "Orquestrador.UnitTest", "Orquestrador.UnitTest\Orquestrador.UnitTest.csproj", "{D8B053E5-B71C-448C-869B-CBC3327766D8}"
EndProject
Project("{9A19103F-16F7-4668-BE54-9A1E7A4F7556}") = "Orquestrador.WebApi", "Orquestrador.WebApi\Orquestrador.WebApi.csproj", "{CCE44758-1BF5-4368-8EE3-E993ED025CDE}"
EndProject
Project("{2150E333-8FDC-42A3-9474-1A3956D46DE8}") = "1. Host Layer", "1. Host Layer", "{0221AE1B-E582-4E16-A6CB-2F04CD20437A}"
EndProject
Project("{2150E333-8FDC-42A3-9474-1A3956D46DE8}") = "2. Application Layer", "2. Application Layer", "{48F57761-A98F-4397-9C24-A1B61E6D2599}"
EndProject
Project("{2150E333-8FDC-42A3-9474-1A3956D46DE8}") = "1. Contracts", "1. Contracts", "{9BCB94E1-F4F5-4CCE-A086-137DD6C88EB8}"
EndProject
Project("{2150E333-8FDC-42A3-9474-1A3956D46DE8}") = "2. Implementations", "2. Implementations", "{78A72E16-3BB7-4866-8978-E5DC0D137D32}"
EndProject
Project("{2150E333-8FDC-42A3-9474-1A3956D46DE8}") = "3. Domain Layer", "3. Domain Layer", "{DAD9D2A0-B725-4DB3-AAA2-5BCE814D7673}"
EndProject
Project("{2150E333-8FDC-42A3-9474-1A3956D46DE8}") = "4. Infrastructure Layer", "4. Infrastructure Layer", "{79E46F0D-8711-4032-A003-3BB68E88E2F7}"
EndProject
Project("{2150E333-8FDC-42A3-9474-1A3956D46DE8}") = "0. Common", "0. Common", "{94E5A547-8AC2-4F62-8F2B-F809488A0465}"
EndProject
Project("{2150E333-8FDC-42A3-9474-1A3956D46DE8}") = "1. DI", "1. DI", "{DF79E3CB-056F-4870-9D3F-B45F68F3F4BB}"
EndProject
Project("{2150E333-8FDC-42A3-9474-1A3956D46DE8}") = "2. MongoDB", "2. MongoDB", "{CC6D8201-174D-43EC-8549-8FA189133AFE}"
EndProject
Project("{2150E333-8FDC-42A3-9474-1A3956D46DE8}") = "3. Http", "3. Http", "{7A70F9CB-EFE0-4BEC-907C-565DC775F15E}"
EndProject
Project("{2150E333-8FDC-42A3-9474-1A3956D46DE8}") = "5. Tests", "5. Tests", "{D8F32695-E109-4949-B15D-F1B2F3366E49}"
EndProject
Project("{2150E333-8FDC-42A3-9474-1A3956D46DE8}") = "Loja", "Loja", "{C41A9DE7-2A13-424A-A6D3-69ED5C806DB8}"
EndProject
Project("{2150E333-8FDC-42A3-9474-1A3956D46DE8}") = "1. Host Layer", "1. Host Layer", "{678909CD-AF5A-40EC-883D-668C90318CF8}"
EndProject
Project("{2150E333-8FDC-42A3-9474-1A3956D46DE8}") = "2. Application Layer", "2. Application Layer", "{83EBD669-5BF2-444E-8902-F44C13DA0A98}"
EndProject
Project("{2150E333-8FDC-42A3-9474-1A3956D46DE8}") = "3. Domain Layer", "3. Domain Layer", "{A441F15B-702E-4977-9154-A8B41E6D5153}"
EndProject
Project("{2150E333-8FDC-42A3-9474-1A3956D46DE8}") = "4. Infrastructure Layer", "4. Infrastructure Layer", "{1CE489C6-D705-418F-95B0-B830A5E8EDBD}"
EndProject
Project("{2150E333-8FDC-42A3-9474-1A3956D46DE8}") = "5. Tests", "5. Tests", "{E6BB707F-ACA6-437F-8B81-41D121476436}"
EndProject
Project("{2150E333-8FDC-42A3-9474-1A3956D46DE8}") = "1. Contracts", "1. Contracts", "{65CC549B-86DB-4464-BF90-35BDB7AC53D5}"
EndProject
Project("{2150E333-8FDC-42A3-9474-1A3956D46DE8}") = "2. Implementations", "2. Implementations", "{342AFF97-B110-4FA7-ADFE-FFB9C21298A8}"
EndProject
Project("{2150E333-8FDC-42A3-9474-1A3956D46DE8}") = "0. Common", "0. Common", "{08A156DB-A887-49C4-96B9-09D93FF02EA3}"
EndProject
Project("{2150E333-8FDC-42A3-9474-1A3956D46DE8}") = "1. DI", "1. DI", "{A4C7230B-3832-42AF-977C-745F2F36A057}"
EndProject
Project("{2150E333-8FDC-42A3-9474-1A3956D46DE8}") = "2. MongoDB", "2. MongoDB", "{387AE33B-EFAE-447D-81D0-865AB7457AB9}"
EndProject
Project("{2150E333-8FDC-42A3-9474-1A3956D46DE8}") = "3. Http", "3. Http", "{C5BD56C3-05A5-4043-9BF6-8A2C750784E2}"
EndProject
Project("{2150E333-8FDC-42A3-9474-1A3956D46DE8}") = "4. SqlClient", "4. SqlClient", "{BBCAFEAA-9077-4A0E-9031-09833C2EA8C3}"
EndProject
Project("{9A19103F-16F7-4668-BE54-9A1E7A4F7556}") = "Loja.WebApi", "Loja.WebApi\Loja.WebApi.csproj", "{3EE074D3-6B93-4B6B-8A9C-26DF26296AC2}"
EndProject
Project("{9A19103F-16F7-4668-BE54-9A1E7A4F7556}") = "Loja.Application", "Loja.Application\Loja.Application.csproj", "{62B8A449-56AD-41AE-B537-0461D34C5025}"
EndProject
Project("{9A19103F-16F7-4668-BE54-9A1E7A4F7556}") = "Loja.Application.Impl", "Loja.Application.Impl\Loja.Application.Impl.csproj", "{7EFCA7E8-C8F0-4E5E-B082-A8E4D0DEFBDA}"
EndProject
Project("{9A19103F-16F7-4668-BE54-9A1E7A4F7556}") = "Loja.Core", "Loja.Core\Loja.Core.csproj", "{4D49D3CD-2F41-49A7-B80C-BD7AD9DAA42B}"
EndProject
Project("{9A19103F-16F7-4668-BE54-9A1E7A4F7556}") = "Loja.Domain", "Loja.Domain\Loja.Domain.csproj", "{AD90F9D8-BF39-48D7-AD6B-D3D3D21923C9}"
EndProject
Project("{9A19103F-16F7-4668-BE54-9A1E7A4F7556}") = "Loja.Common", "Loja.Common\Loja.Common.csproj", "{9287A330-3B91-487A-8C6D-499370B915EA}"
EndProject
Project("{9A19103F-16F7-4668-BE54-9A1E7A4F7556}") = "Loja.Infrastructure.DI", "Loja.Infrastructure.DI\Loja.Infrastructure.DI.csproj", "{32BCD25F-64F8-45ED-82F2-91E20AEC87EE}"
EndProject
Project("{9A19103F-16F7-4668-BE54-9A1E7A4F7556}") = "Loja.Infrastructure.MongoDb", "Loja.Infrastructure.MongoDb\Loja.Infrastructure.MongoDb.csproj", "{3EB809DC-2DD6-415E-904E-59AEAF8BE58F}"
EndProject
Project("{9A19103F-16F7-4668-BE54-9A1E7A4F7556}") = "Loja.Infrastructure.Http", "Loja.Infrastructure.Http\Loja.Infrastructure.Http.csproj", "{EE0F766E-EC25-4314-8F43-F5D6A682C5A2}"
EndProject
Project("{9A19103F-16F7-4668-BE54-9A1E7A4F7556}") = "Loja.UnitTest", "Loja.UnitTest\Loja.UnitTest.csproj", "{4C47A6BD-8700-4453-A1ED-DE8B3720190D}"
EndProject
Project("{9A19103F-16F7-4668-BE54-9A1E7A4F7556}") = "Loja.Infrastructure.SqlClient", "Loja.Infrastructure.SqlClient\Loja.Infrastructure.SqlClient.csproj", "{BCCA343E-7BA1-4CD9-9789-68C514F044A9}"
EndProject
Project("{2150E333-8FDC-42A3-9474-1A3956D46DE8}") = "4. SqlClient", "4. SqlClient", "{11C7DA5C-DB1D-467F-A0C9-7AD86F6780C4}"
EndProject
Project("{9A19103F-16F7-4668-BE54-9A1E7A4F7556}") = "BHN.Infrastructure.SqlClient", "BHN.Infrastructure.SqlClient\BHN.Infrastructure.SqlClient.csproj", "{ABD3CE97-65D8-4791-ADE8-D556A814BAB8}"
EndProject
Project("{2150E333-8FDC-42A3-9474-1A3956D46DE8}") = "Database", "Database", "{436E93A2-1DD7-44E6-8C60-1543B78875CC}"
EndProject
Project("{00D1A9C2-B5F0-4AF3-8072-F6C62B433612}") = "IntegracaoParceiroServicos.Database", "IntegracaoParceiroServicos.Database\IntegracaoParceiroServicos.Database.sqlproj", "{0CBF6A25-FCEA-4893-879B-98C7270F2279}"
EndProject
Project("{2150E333-8FDC-42A3-9474-1A3956D46DE8}") = "Infra", "Infra", "{3C1CF2BF-8925-452C-8E03-6B80EE9A77B9}"
EndProject
Project("{9A19103F-16F7-4668-BE54-9A1E7A4F7556}") = "Enterprise.Framework.SqlClient", "Enterprise.Framework.SqlClient\Enterprise.Framework.SqlClient.csproj", "{BF817CDD-7A33-4B15-BEF9-A9A0041F45FF}"
EndProject
Project("{9A19103F-16F7-4668-BE54-9A1E7A4F7556}") = "Orquestrador.Email", "Orquestrador.Email\Orquestrador.Email.csproj", "{7304070A-6AED-4517-ACDE-F2A775DC8436}"
EndProject
Project("{9A19103F-16F7-4668-BE54-9A1E7A4F7556}") = "Orquestrador.PedidoLoja", "Orquestrador.PedidoLoja\Orquestrador.PedidoLoja.csproj", "{4FB72B94-1B64-455D-A439-EA6214025444}"
EndProject
Project("{9A19103F-16F7-4668-BE54-9A1E7A4F7556}") = "Orquestrador.IntegradorParceiro", "Orquestrador.IntegradorParceiro\Orquestrador.IntegradorParceiro.csproj", "{F3642A66-BC31-493D-81F0-871862E92088}"
EndProject
Project("{9A19103F-16F7-4668-BE54-9A1E7A4F7556}") = "Orquestrador.IntegradorErp", "Orquestrador.IntegradorErp\Orquestrador.IntegradorErp.csproj", "{4C687B07-0E9F-459A-AF87-17775E38A377}"
EndProject
Project("{FAE04EC0-301F-11D3-BF4B-00C04F79EFBC}") = "Enterprise.Framework.Logging", "Enterprise.Framework.Logging\Enterprise.Framework.Logging.csproj", "{89CA7498-CD19-44F5-81E3-8B139F739E59}"
EndProject
Global
	GlobalSection(SolutionConfigurationPlatforms) = preSolution
		Debug|Any CPU = Debug|Any CPU
		Debug|x64 = Debug|x64
		Debug|x86 = Debug|x86
		Release|Any CPU = Release|Any CPU
		Release|x64 = Release|x64
		Release|x86 = Release|x86
	EndGlobalSection
	GlobalSection(ProjectConfigurationPlatforms) = postSolution
		{ACDEE3FB-3C7D-4016-AB55-AD9B2B8B704D}.Debug|Any CPU.ActiveCfg = Debug|Any CPU
		{ACDEE3FB-3C7D-4016-AB55-AD9B2B8B704D}.Debug|Any CPU.Build.0 = Debug|Any CPU
		{ACDEE3FB-3C7D-4016-AB55-AD9B2B8B704D}.Debug|x64.ActiveCfg = Debug|Any CPU
		{ACDEE3FB-3C7D-4016-AB55-AD9B2B8B704D}.Debug|x64.Build.0 = Debug|Any CPU
		{ACDEE3FB-3C7D-4016-AB55-AD9B2B8B704D}.Debug|x86.ActiveCfg = Debug|Any CPU
		{ACDEE3FB-3C7D-4016-AB55-AD9B2B8B704D}.Debug|x86.Build.0 = Debug|Any CPU
		{ACDEE3FB-3C7D-4016-AB55-AD9B2B8B704D}.Release|Any CPU.ActiveCfg = Release|Any CPU
		{ACDEE3FB-3C7D-4016-AB55-AD9B2B8B704D}.Release|Any CPU.Build.0 = Release|Any CPU
		{ACDEE3FB-3C7D-4016-AB55-AD9B2B8B704D}.Release|x64.ActiveCfg = Release|Any CPU
		{ACDEE3FB-3C7D-4016-AB55-AD9B2B8B704D}.Release|x64.Build.0 = Release|Any CPU
		{ACDEE3FB-3C7D-4016-AB55-AD9B2B8B704D}.Release|x86.ActiveCfg = Release|Any CPU
		{ACDEE3FB-3C7D-4016-AB55-AD9B2B8B704D}.Release|x86.Build.0 = Release|Any CPU
		{C1D9695D-20B7-4F98-AC46-CB9B342CCC22}.Debug|Any CPU.ActiveCfg = Debug|Any CPU
		{C1D9695D-20B7-4F98-AC46-CB9B342CCC22}.Debug|Any CPU.Build.0 = Debug|Any CPU
		{C1D9695D-20B7-4F98-AC46-CB9B342CCC22}.Debug|x64.ActiveCfg = Debug|Any CPU
		{C1D9695D-20B7-4F98-AC46-CB9B342CCC22}.Debug|x64.Build.0 = Debug|Any CPU
		{C1D9695D-20B7-4F98-AC46-CB9B342CCC22}.Debug|x86.ActiveCfg = Debug|Any CPU
		{C1D9695D-20B7-4F98-AC46-CB9B342CCC22}.Debug|x86.Build.0 = Debug|Any CPU
		{C1D9695D-20B7-4F98-AC46-CB9B342CCC22}.Release|Any CPU.ActiveCfg = Release|Any CPU
		{C1D9695D-20B7-4F98-AC46-CB9B342CCC22}.Release|Any CPU.Build.0 = Release|Any CPU
		{C1D9695D-20B7-4F98-AC46-CB9B342CCC22}.Release|x64.ActiveCfg = Release|Any CPU
		{C1D9695D-20B7-4F98-AC46-CB9B342CCC22}.Release|x64.Build.0 = Release|Any CPU
		{C1D9695D-20B7-4F98-AC46-CB9B342CCC22}.Release|x86.ActiveCfg = Release|Any CPU
		{C1D9695D-20B7-4F98-AC46-CB9B342CCC22}.Release|x86.Build.0 = Release|Any CPU
		{50D7D59D-E4FF-4439-9C9E-70EF14FE2A8E}.Debug|Any CPU.ActiveCfg = Debug|Any CPU
		{50D7D59D-E4FF-4439-9C9E-70EF14FE2A8E}.Debug|Any CPU.Build.0 = Debug|Any CPU
		{50D7D59D-E4FF-4439-9C9E-70EF14FE2A8E}.Debug|x64.ActiveCfg = Debug|Any CPU
		{50D7D59D-E4FF-4439-9C9E-70EF14FE2A8E}.Debug|x64.Build.0 = Debug|Any CPU
		{50D7D59D-E4FF-4439-9C9E-70EF14FE2A8E}.Debug|x86.ActiveCfg = Debug|Any CPU
		{50D7D59D-E4FF-4439-9C9E-70EF14FE2A8E}.Debug|x86.Build.0 = Debug|Any CPU
		{50D7D59D-E4FF-4439-9C9E-70EF14FE2A8E}.Release|Any CPU.ActiveCfg = Release|Any CPU
		{50D7D59D-E4FF-4439-9C9E-70EF14FE2A8E}.Release|Any CPU.Build.0 = Release|Any CPU
		{50D7D59D-E4FF-4439-9C9E-70EF14FE2A8E}.Release|x64.ActiveCfg = Release|Any CPU
		{50D7D59D-E4FF-4439-9C9E-70EF14FE2A8E}.Release|x64.Build.0 = Release|Any CPU
		{50D7D59D-E4FF-4439-9C9E-70EF14FE2A8E}.Release|x86.ActiveCfg = Release|Any CPU
		{50D7D59D-E4FF-4439-9C9E-70EF14FE2A8E}.Release|x86.Build.0 = Release|Any CPU
		{CE55506F-156E-490E-8649-0AE433DA63B5}.Debug|Any CPU.ActiveCfg = Debug|Any CPU
		{CE55506F-156E-490E-8649-0AE433DA63B5}.Debug|Any CPU.Build.0 = Debug|Any CPU
		{CE55506F-156E-490E-8649-0AE433DA63B5}.Debug|x64.ActiveCfg = Debug|Any CPU
		{CE55506F-156E-490E-8649-0AE433DA63B5}.Debug|x64.Build.0 = Debug|Any CPU
		{CE55506F-156E-490E-8649-0AE433DA63B5}.Debug|x86.ActiveCfg = Debug|Any CPU
		{CE55506F-156E-490E-8649-0AE433DA63B5}.Debug|x86.Build.0 = Debug|Any CPU
		{CE55506F-156E-490E-8649-0AE433DA63B5}.Release|Any CPU.ActiveCfg = Release|Any CPU
		{CE55506F-156E-490E-8649-0AE433DA63B5}.Release|Any CPU.Build.0 = Release|Any CPU
		{CE55506F-156E-490E-8649-0AE433DA63B5}.Release|x64.ActiveCfg = Release|Any CPU
		{CE55506F-156E-490E-8649-0AE433DA63B5}.Release|x64.Build.0 = Release|Any CPU
		{CE55506F-156E-490E-8649-0AE433DA63B5}.Release|x86.ActiveCfg = Release|Any CPU
		{CE55506F-156E-490E-8649-0AE433DA63B5}.Release|x86.Build.0 = Release|Any CPU
		{0C3C59A1-56EB-448B-B279-459DC7E3DB8E}.Debug|Any CPU.ActiveCfg = Debug|Any CPU
		{0C3C59A1-56EB-448B-B279-459DC7E3DB8E}.Debug|Any CPU.Build.0 = Debug|Any CPU
		{0C3C59A1-56EB-448B-B279-459DC7E3DB8E}.Debug|x64.ActiveCfg = Debug|Any CPU
		{0C3C59A1-56EB-448B-B279-459DC7E3DB8E}.Debug|x64.Build.0 = Debug|Any CPU
		{0C3C59A1-56EB-448B-B279-459DC7E3DB8E}.Debug|x86.ActiveCfg = Debug|Any CPU
		{0C3C59A1-56EB-448B-B279-459DC7E3DB8E}.Debug|x86.Build.0 = Debug|Any CPU
		{0C3C59A1-56EB-448B-B279-459DC7E3DB8E}.Release|Any CPU.ActiveCfg = Release|Any CPU
		{0C3C59A1-56EB-448B-B279-459DC7E3DB8E}.Release|Any CPU.Build.0 = Release|Any CPU
		{0C3C59A1-56EB-448B-B279-459DC7E3DB8E}.Release|x64.ActiveCfg = Release|Any CPU
		{0C3C59A1-56EB-448B-B279-459DC7E3DB8E}.Release|x64.Build.0 = Release|Any CPU
		{0C3C59A1-56EB-448B-B279-459DC7E3DB8E}.Release|x86.ActiveCfg = Release|Any CPU
		{0C3C59A1-56EB-448B-B279-459DC7E3DB8E}.Release|x86.Build.0 = Release|Any CPU
		{48285A8A-BBEE-4BF2-98CE-01BC30E9BFC0}.Debug|Any CPU.ActiveCfg = Debug|Any CPU
		{48285A8A-BBEE-4BF2-98CE-01BC30E9BFC0}.Debug|Any CPU.Build.0 = Debug|Any CPU
		{48285A8A-BBEE-4BF2-98CE-01BC30E9BFC0}.Debug|x64.ActiveCfg = Debug|Any CPU
		{48285A8A-BBEE-4BF2-98CE-01BC30E9BFC0}.Debug|x64.Build.0 = Debug|Any CPU
		{48285A8A-BBEE-4BF2-98CE-01BC30E9BFC0}.Debug|x86.ActiveCfg = Debug|Any CPU
		{48285A8A-BBEE-4BF2-98CE-01BC30E9BFC0}.Debug|x86.Build.0 = Debug|Any CPU
		{48285A8A-BBEE-4BF2-98CE-01BC30E9BFC0}.Release|Any CPU.ActiveCfg = Release|Any CPU
		{48285A8A-BBEE-4BF2-98CE-01BC30E9BFC0}.Release|Any CPU.Build.0 = Release|Any CPU
		{48285A8A-BBEE-4BF2-98CE-01BC30E9BFC0}.Release|x64.ActiveCfg = Release|Any CPU
		{48285A8A-BBEE-4BF2-98CE-01BC30E9BFC0}.Release|x64.Build.0 = Release|Any CPU
		{48285A8A-BBEE-4BF2-98CE-01BC30E9BFC0}.Release|x86.ActiveCfg = Release|Any CPU
		{48285A8A-BBEE-4BF2-98CE-01BC30E9BFC0}.Release|x86.Build.0 = Release|Any CPU
		{0EC45958-9D4C-40EE-8581-83425C39EC1B}.Debug|Any CPU.ActiveCfg = Debug|Any CPU
		{0EC45958-9D4C-40EE-8581-83425C39EC1B}.Debug|Any CPU.Build.0 = Debug|Any CPU
		{0EC45958-9D4C-40EE-8581-83425C39EC1B}.Debug|x64.ActiveCfg = Debug|Any CPU
		{0EC45958-9D4C-40EE-8581-83425C39EC1B}.Debug|x64.Build.0 = Debug|Any CPU
		{0EC45958-9D4C-40EE-8581-83425C39EC1B}.Debug|x86.ActiveCfg = Debug|Any CPU
		{0EC45958-9D4C-40EE-8581-83425C39EC1B}.Debug|x86.Build.0 = Debug|Any CPU
		{0EC45958-9D4C-40EE-8581-83425C39EC1B}.Release|Any CPU.ActiveCfg = Release|Any CPU
		{0EC45958-9D4C-40EE-8581-83425C39EC1B}.Release|Any CPU.Build.0 = Release|Any CPU
		{0EC45958-9D4C-40EE-8581-83425C39EC1B}.Release|x64.ActiveCfg = Release|Any CPU
		{0EC45958-9D4C-40EE-8581-83425C39EC1B}.Release|x64.Build.0 = Release|Any CPU
		{0EC45958-9D4C-40EE-8581-83425C39EC1B}.Release|x86.ActiveCfg = Release|Any CPU
		{0EC45958-9D4C-40EE-8581-83425C39EC1B}.Release|x86.Build.0 = Release|Any CPU
		{DB49E001-4230-4C03-AB39-A9B3F35433AA}.Debug|Any CPU.ActiveCfg = Debug|Any CPU
		{DB49E001-4230-4C03-AB39-A9B3F35433AA}.Debug|Any CPU.Build.0 = Debug|Any CPU
		{DB49E001-4230-4C03-AB39-A9B3F35433AA}.Debug|x64.ActiveCfg = Debug|Any CPU
		{DB49E001-4230-4C03-AB39-A9B3F35433AA}.Debug|x64.Build.0 = Debug|Any CPU
		{DB49E001-4230-4C03-AB39-A9B3F35433AA}.Debug|x86.ActiveCfg = Debug|Any CPU
		{DB49E001-4230-4C03-AB39-A9B3F35433AA}.Debug|x86.Build.0 = Debug|Any CPU
		{DB49E001-4230-4C03-AB39-A9B3F35433AA}.Release|Any CPU.ActiveCfg = Release|Any CPU
		{DB49E001-4230-4C03-AB39-A9B3F35433AA}.Release|Any CPU.Build.0 = Release|Any CPU
		{DB49E001-4230-4C03-AB39-A9B3F35433AA}.Release|x64.ActiveCfg = Release|Any CPU
		{DB49E001-4230-4C03-AB39-A9B3F35433AA}.Release|x64.Build.0 = Release|Any CPU
		{DB49E001-4230-4C03-AB39-A9B3F35433AA}.Release|x86.ActiveCfg = Release|Any CPU
		{DB49E001-4230-4C03-AB39-A9B3F35433AA}.Release|x86.Build.0 = Release|Any CPU
		{1070D1C8-9AD0-46AE-8972-CC0AD7C90246}.Debug|Any CPU.ActiveCfg = Debug|Any CPU
		{1070D1C8-9AD0-46AE-8972-CC0AD7C90246}.Debug|Any CPU.Build.0 = Debug|Any CPU
		{1070D1C8-9AD0-46AE-8972-CC0AD7C90246}.Debug|x64.ActiveCfg = Debug|Any CPU
		{1070D1C8-9AD0-46AE-8972-CC0AD7C90246}.Debug|x64.Build.0 = Debug|Any CPU
		{1070D1C8-9AD0-46AE-8972-CC0AD7C90246}.Debug|x86.ActiveCfg = Debug|Any CPU
		{1070D1C8-9AD0-46AE-8972-CC0AD7C90246}.Debug|x86.Build.0 = Debug|Any CPU
		{1070D1C8-9AD0-46AE-8972-CC0AD7C90246}.Release|Any CPU.ActiveCfg = Release|Any CPU
		{1070D1C8-9AD0-46AE-8972-CC0AD7C90246}.Release|Any CPU.Build.0 = Release|Any CPU
		{1070D1C8-9AD0-46AE-8972-CC0AD7C90246}.Release|x64.ActiveCfg = Release|Any CPU
		{1070D1C8-9AD0-46AE-8972-CC0AD7C90246}.Release|x64.Build.0 = Release|Any CPU
		{1070D1C8-9AD0-46AE-8972-CC0AD7C90246}.Release|x86.ActiveCfg = Release|Any CPU
		{1070D1C8-9AD0-46AE-8972-CC0AD7C90246}.Release|x86.Build.0 = Release|Any CPU
		{DFBF973C-1C41-4804-AB9D-7C626BC032A4}.Debug|Any CPU.ActiveCfg = Debug|Any CPU
		{DFBF973C-1C41-4804-AB9D-7C626BC032A4}.Debug|Any CPU.Build.0 = Debug|Any CPU
		{DFBF973C-1C41-4804-AB9D-7C626BC032A4}.Debug|x64.ActiveCfg = Debug|Any CPU
		{DFBF973C-1C41-4804-AB9D-7C626BC032A4}.Debug|x64.Build.0 = Debug|Any CPU
		{DFBF973C-1C41-4804-AB9D-7C626BC032A4}.Debug|x86.ActiveCfg = Debug|Any CPU
		{DFBF973C-1C41-4804-AB9D-7C626BC032A4}.Debug|x86.Build.0 = Debug|Any CPU
		{DFBF973C-1C41-4804-AB9D-7C626BC032A4}.Release|Any CPU.ActiveCfg = Release|Any CPU
		{DFBF973C-1C41-4804-AB9D-7C626BC032A4}.Release|Any CPU.Build.0 = Release|Any CPU
		{DFBF973C-1C41-4804-AB9D-7C626BC032A4}.Release|x64.ActiveCfg = Release|Any CPU
		{DFBF973C-1C41-4804-AB9D-7C626BC032A4}.Release|x64.Build.0 = Release|Any CPU
		{DFBF973C-1C41-4804-AB9D-7C626BC032A4}.Release|x86.ActiveCfg = Release|Any CPU
		{DFBF973C-1C41-4804-AB9D-7C626BC032A4}.Release|x86.Build.0 = Release|Any CPU
		{B34901DB-B9BC-481C-9758-2F6F3271E256}.Debug|Any CPU.ActiveCfg = Debug|Any CPU
		{B34901DB-B9BC-481C-9758-2F6F3271E256}.Debug|Any CPU.Build.0 = Debug|Any CPU
		{B34901DB-B9BC-481C-9758-2F6F3271E256}.Debug|x64.ActiveCfg = Debug|Any CPU
		{B34901DB-B9BC-481C-9758-2F6F3271E256}.Debug|x64.Build.0 = Debug|Any CPU
		{B34901DB-B9BC-481C-9758-2F6F3271E256}.Debug|x86.ActiveCfg = Debug|Any CPU
		{B34901DB-B9BC-481C-9758-2F6F3271E256}.Debug|x86.Build.0 = Debug|Any CPU
		{B34901DB-B9BC-481C-9758-2F6F3271E256}.Release|Any CPU.ActiveCfg = Release|Any CPU
		{B34901DB-B9BC-481C-9758-2F6F3271E256}.Release|Any CPU.Build.0 = Release|Any CPU
		{B34901DB-B9BC-481C-9758-2F6F3271E256}.Release|x64.ActiveCfg = Release|Any CPU
		{B34901DB-B9BC-481C-9758-2F6F3271E256}.Release|x64.Build.0 = Release|Any CPU
		{B34901DB-B9BC-481C-9758-2F6F3271E256}.Release|x86.ActiveCfg = Release|Any CPU
		{B34901DB-B9BC-481C-9758-2F6F3271E256}.Release|x86.Build.0 = Release|Any CPU
		{BEC6E9A3-1CCD-4B75-8F84-7A26BAD537F9}.Debug|Any CPU.ActiveCfg = Debug|Any CPU
		{BEC6E9A3-1CCD-4B75-8F84-7A26BAD537F9}.Debug|Any CPU.Build.0 = Debug|Any CPU
		{BEC6E9A3-1CCD-4B75-8F84-7A26BAD537F9}.Debug|x64.ActiveCfg = Debug|Any CPU
		{BEC6E9A3-1CCD-4B75-8F84-7A26BAD537F9}.Debug|x64.Build.0 = Debug|Any CPU
		{BEC6E9A3-1CCD-4B75-8F84-7A26BAD537F9}.Debug|x86.ActiveCfg = Debug|Any CPU
		{BEC6E9A3-1CCD-4B75-8F84-7A26BAD537F9}.Debug|x86.Build.0 = Debug|Any CPU
		{BEC6E9A3-1CCD-4B75-8F84-7A26BAD537F9}.Release|Any CPU.ActiveCfg = Release|Any CPU
		{BEC6E9A3-1CCD-4B75-8F84-7A26BAD537F9}.Release|Any CPU.Build.0 = Release|Any CPU
		{BEC6E9A3-1CCD-4B75-8F84-7A26BAD537F9}.Release|x64.ActiveCfg = Release|Any CPU
		{BEC6E9A3-1CCD-4B75-8F84-7A26BAD537F9}.Release|x64.Build.0 = Release|Any CPU
		{BEC6E9A3-1CCD-4B75-8F84-7A26BAD537F9}.Release|x86.ActiveCfg = Release|Any CPU
		{BEC6E9A3-1CCD-4B75-8F84-7A26BAD537F9}.Release|x86.Build.0 = Release|Any CPU
		{8C12E36F-47C2-4CE9-84B6-EB997520B7D2}.Debug|Any CPU.ActiveCfg = Debug|Any CPU
		{8C12E36F-47C2-4CE9-84B6-EB997520B7D2}.Debug|Any CPU.Build.0 = Debug|Any CPU
		{8C12E36F-47C2-4CE9-84B6-EB997520B7D2}.Debug|x64.ActiveCfg = Debug|Any CPU
		{8C12E36F-47C2-4CE9-84B6-EB997520B7D2}.Debug|x64.Build.0 = Debug|Any CPU
		{8C12E36F-47C2-4CE9-84B6-EB997520B7D2}.Debug|x86.ActiveCfg = Debug|Any CPU
		{8C12E36F-47C2-4CE9-84B6-EB997520B7D2}.Debug|x86.Build.0 = Debug|Any CPU
		{8C12E36F-47C2-4CE9-84B6-EB997520B7D2}.Release|Any CPU.ActiveCfg = Release|Any CPU
		{8C12E36F-47C2-4CE9-84B6-EB997520B7D2}.Release|Any CPU.Build.0 = Release|Any CPU
		{8C12E36F-47C2-4CE9-84B6-EB997520B7D2}.Release|x64.ActiveCfg = Release|Any CPU
		{8C12E36F-47C2-4CE9-84B6-EB997520B7D2}.Release|x64.Build.0 = Release|Any CPU
		{8C12E36F-47C2-4CE9-84B6-EB997520B7D2}.Release|x86.ActiveCfg = Release|Any CPU
		{8C12E36F-47C2-4CE9-84B6-EB997520B7D2}.Release|x86.Build.0 = Release|Any CPU
		{1B70E647-B581-4403-BE27-DD6ECCABA866}.Debug|Any CPU.ActiveCfg = Debug|Any CPU
		{1B70E647-B581-4403-BE27-DD6ECCABA866}.Debug|Any CPU.Build.0 = Debug|Any CPU
		{1B70E647-B581-4403-BE27-DD6ECCABA866}.Debug|x64.ActiveCfg = Debug|Any CPU
		{1B70E647-B581-4403-BE27-DD6ECCABA866}.Debug|x64.Build.0 = Debug|Any CPU
		{1B70E647-B581-4403-BE27-DD6ECCABA866}.Debug|x86.ActiveCfg = Debug|Any CPU
		{1B70E647-B581-4403-BE27-DD6ECCABA866}.Debug|x86.Build.0 = Debug|Any CPU
		{1B70E647-B581-4403-BE27-DD6ECCABA866}.Release|Any CPU.ActiveCfg = Release|Any CPU
		{1B70E647-B581-4403-BE27-DD6ECCABA866}.Release|Any CPU.Build.0 = Release|Any CPU
		{1B70E647-B581-4403-BE27-DD6ECCABA866}.Release|x64.ActiveCfg = Release|Any CPU
		{1B70E647-B581-4403-BE27-DD6ECCABA866}.Release|x64.Build.0 = Release|Any CPU
		{1B70E647-B581-4403-BE27-DD6ECCABA866}.Release|x86.ActiveCfg = Release|Any CPU
		{1B70E647-B581-4403-BE27-DD6ECCABA866}.Release|x86.Build.0 = Release|Any CPU
		{DCE311EF-064C-4451-899F-C64C83EB42D4}.Debug|Any CPU.ActiveCfg = Debug|Any CPU
		{DCE311EF-064C-4451-899F-C64C83EB42D4}.Debug|Any CPU.Build.0 = Debug|Any CPU
		{DCE311EF-064C-4451-899F-C64C83EB42D4}.Debug|x64.ActiveCfg = Debug|Any CPU
		{DCE311EF-064C-4451-899F-C64C83EB42D4}.Debug|x64.Build.0 = Debug|Any CPU
		{DCE311EF-064C-4451-899F-C64C83EB42D4}.Debug|x86.ActiveCfg = Debug|Any CPU
		{DCE311EF-064C-4451-899F-C64C83EB42D4}.Debug|x86.Build.0 = Debug|Any CPU
		{DCE311EF-064C-4451-899F-C64C83EB42D4}.Release|Any CPU.ActiveCfg = Release|Any CPU
		{DCE311EF-064C-4451-899F-C64C83EB42D4}.Release|Any CPU.Build.0 = Release|Any CPU
		{DCE311EF-064C-4451-899F-C64C83EB42D4}.Release|x64.ActiveCfg = Release|Any CPU
		{DCE311EF-064C-4451-899F-C64C83EB42D4}.Release|x64.Build.0 = Release|Any CPU
		{DCE311EF-064C-4451-899F-C64C83EB42D4}.Release|x86.ActiveCfg = Release|Any CPU
		{DCE311EF-064C-4451-899F-C64C83EB42D4}.Release|x86.Build.0 = Release|Any CPU
		{CC4D4F98-76EF-43DA-9FB6-267ECBDE6B88}.Debug|Any CPU.ActiveCfg = Debug|Any CPU
		{CC4D4F98-76EF-43DA-9FB6-267ECBDE6B88}.Debug|Any CPU.Build.0 = Debug|Any CPU
		{CC4D4F98-76EF-43DA-9FB6-267ECBDE6B88}.Debug|x64.ActiveCfg = Debug|Any CPU
		{CC4D4F98-76EF-43DA-9FB6-267ECBDE6B88}.Debug|x64.Build.0 = Debug|Any CPU
		{CC4D4F98-76EF-43DA-9FB6-267ECBDE6B88}.Debug|x86.ActiveCfg = Debug|Any CPU
		{CC4D4F98-76EF-43DA-9FB6-267ECBDE6B88}.Debug|x86.Build.0 = Debug|Any CPU
		{CC4D4F98-76EF-43DA-9FB6-267ECBDE6B88}.Release|Any CPU.ActiveCfg = Release|Any CPU
		{CC4D4F98-76EF-43DA-9FB6-267ECBDE6B88}.Release|Any CPU.Build.0 = Release|Any CPU
		{CC4D4F98-76EF-43DA-9FB6-267ECBDE6B88}.Release|x64.ActiveCfg = Release|Any CPU
		{CC4D4F98-76EF-43DA-9FB6-267ECBDE6B88}.Release|x64.Build.0 = Release|Any CPU
		{CC4D4F98-76EF-43DA-9FB6-267ECBDE6B88}.Release|x86.ActiveCfg = Release|Any CPU
		{CC4D4F98-76EF-43DA-9FB6-267ECBDE6B88}.Release|x86.Build.0 = Release|Any CPU
		{7D2A3B52-E361-44C5-9B0E-BCA5286E09AC}.Debug|Any CPU.ActiveCfg = Debug|Any CPU
		{7D2A3B52-E361-44C5-9B0E-BCA5286E09AC}.Debug|Any CPU.Build.0 = Debug|Any CPU
		{7D2A3B52-E361-44C5-9B0E-BCA5286E09AC}.Debug|x64.ActiveCfg = Debug|Any CPU
		{7D2A3B52-E361-44C5-9B0E-BCA5286E09AC}.Debug|x64.Build.0 = Debug|Any CPU
		{7D2A3B52-E361-44C5-9B0E-BCA5286E09AC}.Debug|x86.ActiveCfg = Debug|Any CPU
		{7D2A3B52-E361-44C5-9B0E-BCA5286E09AC}.Debug|x86.Build.0 = Debug|Any CPU
		{7D2A3B52-E361-44C5-9B0E-BCA5286E09AC}.Release|Any CPU.ActiveCfg = Release|Any CPU
		{7D2A3B52-E361-44C5-9B0E-BCA5286E09AC}.Release|Any CPU.Build.0 = Release|Any CPU
		{7D2A3B52-E361-44C5-9B0E-BCA5286E09AC}.Release|x64.ActiveCfg = Release|Any CPU
		{7D2A3B52-E361-44C5-9B0E-BCA5286E09AC}.Release|x64.Build.0 = Release|Any CPU
		{7D2A3B52-E361-44C5-9B0E-BCA5286E09AC}.Release|x86.ActiveCfg = Release|Any CPU
		{7D2A3B52-E361-44C5-9B0E-BCA5286E09AC}.Release|x86.Build.0 = Release|Any CPU
		{052D480C-5819-4DE9-A229-998BFFB360AA}.Debug|Any CPU.ActiveCfg = Debug|Any CPU
		{052D480C-5819-4DE9-A229-998BFFB360AA}.Debug|Any CPU.Build.0 = Debug|Any CPU
		{052D480C-5819-4DE9-A229-998BFFB360AA}.Debug|x64.ActiveCfg = Debug|Any CPU
		{052D480C-5819-4DE9-A229-998BFFB360AA}.Debug|x64.Build.0 = Debug|Any CPU
		{052D480C-5819-4DE9-A229-998BFFB360AA}.Debug|x86.ActiveCfg = Debug|Any CPU
		{052D480C-5819-4DE9-A229-998BFFB360AA}.Debug|x86.Build.0 = Debug|Any CPU
		{052D480C-5819-4DE9-A229-998BFFB360AA}.Release|Any CPU.ActiveCfg = Release|Any CPU
		{052D480C-5819-4DE9-A229-998BFFB360AA}.Release|Any CPU.Build.0 = Release|Any CPU
		{052D480C-5819-4DE9-A229-998BFFB360AA}.Release|x64.ActiveCfg = Release|Any CPU
		{052D480C-5819-4DE9-A229-998BFFB360AA}.Release|x64.Build.0 = Release|Any CPU
		{052D480C-5819-4DE9-A229-998BFFB360AA}.Release|x86.ActiveCfg = Release|Any CPU
		{052D480C-5819-4DE9-A229-998BFFB360AA}.Release|x86.Build.0 = Release|Any CPU
		{D8B053E5-B71C-448C-869B-CBC3327766D8}.Debug|Any CPU.ActiveCfg = Debug|Any CPU
		{D8B053E5-B71C-448C-869B-CBC3327766D8}.Debug|Any CPU.Build.0 = Debug|Any CPU
		{D8B053E5-B71C-448C-869B-CBC3327766D8}.Debug|x64.ActiveCfg = Debug|Any CPU
		{D8B053E5-B71C-448C-869B-CBC3327766D8}.Debug|x64.Build.0 = Debug|Any CPU
		{D8B053E5-B71C-448C-869B-CBC3327766D8}.Debug|x86.ActiveCfg = Debug|Any CPU
		{D8B053E5-B71C-448C-869B-CBC3327766D8}.Debug|x86.Build.0 = Debug|Any CPU
		{D8B053E5-B71C-448C-869B-CBC3327766D8}.Release|Any CPU.ActiveCfg = Release|Any CPU
		{D8B053E5-B71C-448C-869B-CBC3327766D8}.Release|Any CPU.Build.0 = Release|Any CPU
		{D8B053E5-B71C-448C-869B-CBC3327766D8}.Release|x64.ActiveCfg = Release|Any CPU
		{D8B053E5-B71C-448C-869B-CBC3327766D8}.Release|x64.Build.0 = Release|Any CPU
		{D8B053E5-B71C-448C-869B-CBC3327766D8}.Release|x86.ActiveCfg = Release|Any CPU
		{D8B053E5-B71C-448C-869B-CBC3327766D8}.Release|x86.Build.0 = Release|Any CPU
		{CCE44758-1BF5-4368-8EE3-E993ED025CDE}.Debug|Any CPU.ActiveCfg = Debug|Any CPU
		{CCE44758-1BF5-4368-8EE3-E993ED025CDE}.Debug|Any CPU.Build.0 = Debug|Any CPU
		{CCE44758-1BF5-4368-8EE3-E993ED025CDE}.Debug|x64.ActiveCfg = Debug|Any CPU
		{CCE44758-1BF5-4368-8EE3-E993ED025CDE}.Debug|x64.Build.0 = Debug|Any CPU
		{CCE44758-1BF5-4368-8EE3-E993ED025CDE}.Debug|x86.ActiveCfg = Debug|Any CPU
		{CCE44758-1BF5-4368-8EE3-E993ED025CDE}.Debug|x86.Build.0 = Debug|Any CPU
		{CCE44758-1BF5-4368-8EE3-E993ED025CDE}.Release|Any CPU.ActiveCfg = Release|Any CPU
		{CCE44758-1BF5-4368-8EE3-E993ED025CDE}.Release|Any CPU.Build.0 = Release|Any CPU
		{CCE44758-1BF5-4368-8EE3-E993ED025CDE}.Release|x64.ActiveCfg = Release|Any CPU
		{CCE44758-1BF5-4368-8EE3-E993ED025CDE}.Release|x64.Build.0 = Release|Any CPU
		{CCE44758-1BF5-4368-8EE3-E993ED025CDE}.Release|x86.ActiveCfg = Release|Any CPU
		{CCE44758-1BF5-4368-8EE3-E993ED025CDE}.Release|x86.Build.0 = Release|Any CPU
		{3EE074D3-6B93-4B6B-8A9C-26DF26296AC2}.Debug|Any CPU.ActiveCfg = Debug|Any CPU
		{3EE074D3-6B93-4B6B-8A9C-26DF26296AC2}.Debug|Any CPU.Build.0 = Debug|Any CPU
		{3EE074D3-6B93-4B6B-8A9C-26DF26296AC2}.Debug|x64.ActiveCfg = Debug|Any CPU
		{3EE074D3-6B93-4B6B-8A9C-26DF26296AC2}.Debug|x64.Build.0 = Debug|Any CPU
		{3EE074D3-6B93-4B6B-8A9C-26DF26296AC2}.Debug|x86.ActiveCfg = Debug|Any CPU
		{3EE074D3-6B93-4B6B-8A9C-26DF26296AC2}.Debug|x86.Build.0 = Debug|Any CPU
		{3EE074D3-6B93-4B6B-8A9C-26DF26296AC2}.Release|Any CPU.ActiveCfg = Release|Any CPU
		{3EE074D3-6B93-4B6B-8A9C-26DF26296AC2}.Release|Any CPU.Build.0 = Release|Any CPU
		{3EE074D3-6B93-4B6B-8A9C-26DF26296AC2}.Release|x64.ActiveCfg = Release|Any CPU
		{3EE074D3-6B93-4B6B-8A9C-26DF26296AC2}.Release|x64.Build.0 = Release|Any CPU
		{3EE074D3-6B93-4B6B-8A9C-26DF26296AC2}.Release|x86.ActiveCfg = Release|Any CPU
		{3EE074D3-6B93-4B6B-8A9C-26DF26296AC2}.Release|x86.Build.0 = Release|Any CPU
		{62B8A449-56AD-41AE-B537-0461D34C5025}.Debug|Any CPU.ActiveCfg = Debug|Any CPU
		{62B8A449-56AD-41AE-B537-0461D34C5025}.Debug|Any CPU.Build.0 = Debug|Any CPU
		{62B8A449-56AD-41AE-B537-0461D34C5025}.Debug|x64.ActiveCfg = Debug|Any CPU
		{62B8A449-56AD-41AE-B537-0461D34C5025}.Debug|x64.Build.0 = Debug|Any CPU
		{62B8A449-56AD-41AE-B537-0461D34C5025}.Debug|x86.ActiveCfg = Debug|Any CPU
		{62B8A449-56AD-41AE-B537-0461D34C5025}.Debug|x86.Build.0 = Debug|Any CPU
		{62B8A449-56AD-41AE-B537-0461D34C5025}.Release|Any CPU.ActiveCfg = Release|Any CPU
		{62B8A449-56AD-41AE-B537-0461D34C5025}.Release|Any CPU.Build.0 = Release|Any CPU
		{62B8A449-56AD-41AE-B537-0461D34C5025}.Release|x64.ActiveCfg = Release|Any CPU
		{62B8A449-56AD-41AE-B537-0461D34C5025}.Release|x64.Build.0 = Release|Any CPU
		{62B8A449-56AD-41AE-B537-0461D34C5025}.Release|x86.ActiveCfg = Release|Any CPU
		{62B8A449-56AD-41AE-B537-0461D34C5025}.Release|x86.Build.0 = Release|Any CPU
		{7EFCA7E8-C8F0-4E5E-B082-A8E4D0DEFBDA}.Debug|Any CPU.ActiveCfg = Debug|Any CPU
		{7EFCA7E8-C8F0-4E5E-B082-A8E4D0DEFBDA}.Debug|Any CPU.Build.0 = Debug|Any CPU
		{7EFCA7E8-C8F0-4E5E-B082-A8E4D0DEFBDA}.Debug|x64.ActiveCfg = Debug|Any CPU
		{7EFCA7E8-C8F0-4E5E-B082-A8E4D0DEFBDA}.Debug|x64.Build.0 = Debug|Any CPU
		{7EFCA7E8-C8F0-4E5E-B082-A8E4D0DEFBDA}.Debug|x86.ActiveCfg = Debug|Any CPU
		{7EFCA7E8-C8F0-4E5E-B082-A8E4D0DEFBDA}.Debug|x86.Build.0 = Debug|Any CPU
		{7EFCA7E8-C8F0-4E5E-B082-A8E4D0DEFBDA}.Release|Any CPU.ActiveCfg = Release|Any CPU
		{7EFCA7E8-C8F0-4E5E-B082-A8E4D0DEFBDA}.Release|Any CPU.Build.0 = Release|Any CPU
		{7EFCA7E8-C8F0-4E5E-B082-A8E4D0DEFBDA}.Release|x64.ActiveCfg = Release|Any CPU
		{7EFCA7E8-C8F0-4E5E-B082-A8E4D0DEFBDA}.Release|x64.Build.0 = Release|Any CPU
		{7EFCA7E8-C8F0-4E5E-B082-A8E4D0DEFBDA}.Release|x86.ActiveCfg = Release|Any CPU
		{7EFCA7E8-C8F0-4E5E-B082-A8E4D0DEFBDA}.Release|x86.Build.0 = Release|Any CPU
		{4D49D3CD-2F41-49A7-B80C-BD7AD9DAA42B}.Debug|Any CPU.ActiveCfg = Debug|Any CPU
		{4D49D3CD-2F41-49A7-B80C-BD7AD9DAA42B}.Debug|Any CPU.Build.0 = Debug|Any CPU
		{4D49D3CD-2F41-49A7-B80C-BD7AD9DAA42B}.Debug|x64.ActiveCfg = Debug|Any CPU
		{4D49D3CD-2F41-49A7-B80C-BD7AD9DAA42B}.Debug|x64.Build.0 = Debug|Any CPU
		{4D49D3CD-2F41-49A7-B80C-BD7AD9DAA42B}.Debug|x86.ActiveCfg = Debug|Any CPU
		{4D49D3CD-2F41-49A7-B80C-BD7AD9DAA42B}.Debug|x86.Build.0 = Debug|Any CPU
		{4D49D3CD-2F41-49A7-B80C-BD7AD9DAA42B}.Release|Any CPU.ActiveCfg = Release|Any CPU
		{4D49D3CD-2F41-49A7-B80C-BD7AD9DAA42B}.Release|Any CPU.Build.0 = Release|Any CPU
		{4D49D3CD-2F41-49A7-B80C-BD7AD9DAA42B}.Release|x64.ActiveCfg = Release|Any CPU
		{4D49D3CD-2F41-49A7-B80C-BD7AD9DAA42B}.Release|x64.Build.0 = Release|Any CPU
		{4D49D3CD-2F41-49A7-B80C-BD7AD9DAA42B}.Release|x86.ActiveCfg = Release|Any CPU
		{4D49D3CD-2F41-49A7-B80C-BD7AD9DAA42B}.Release|x86.Build.0 = Release|Any CPU
		{AD90F9D8-BF39-48D7-AD6B-D3D3D21923C9}.Debug|Any CPU.ActiveCfg = Debug|Any CPU
		{AD90F9D8-BF39-48D7-AD6B-D3D3D21923C9}.Debug|Any CPU.Build.0 = Debug|Any CPU
		{AD90F9D8-BF39-48D7-AD6B-D3D3D21923C9}.Debug|x64.ActiveCfg = Debug|Any CPU
		{AD90F9D8-BF39-48D7-AD6B-D3D3D21923C9}.Debug|x64.Build.0 = Debug|Any CPU
		{AD90F9D8-BF39-48D7-AD6B-D3D3D21923C9}.Debug|x86.ActiveCfg = Debug|Any CPU
		{AD90F9D8-BF39-48D7-AD6B-D3D3D21923C9}.Debug|x86.Build.0 = Debug|Any CPU
		{AD90F9D8-BF39-48D7-AD6B-D3D3D21923C9}.Release|Any CPU.ActiveCfg = Release|Any CPU
		{AD90F9D8-BF39-48D7-AD6B-D3D3D21923C9}.Release|Any CPU.Build.0 = Release|Any CPU
		{AD90F9D8-BF39-48D7-AD6B-D3D3D21923C9}.Release|x64.ActiveCfg = Release|Any CPU
		{AD90F9D8-BF39-48D7-AD6B-D3D3D21923C9}.Release|x64.Build.0 = Release|Any CPU
		{AD90F9D8-BF39-48D7-AD6B-D3D3D21923C9}.Release|x86.ActiveCfg = Release|Any CPU
		{AD90F9D8-BF39-48D7-AD6B-D3D3D21923C9}.Release|x86.Build.0 = Release|Any CPU
		{9287A330-3B91-487A-8C6D-499370B915EA}.Debug|Any CPU.ActiveCfg = Debug|Any CPU
		{9287A330-3B91-487A-8C6D-499370B915EA}.Debug|Any CPU.Build.0 = Debug|Any CPU
		{9287A330-3B91-487A-8C6D-499370B915EA}.Debug|x64.ActiveCfg = Debug|Any CPU
		{9287A330-3B91-487A-8C6D-499370B915EA}.Debug|x64.Build.0 = Debug|Any CPU
		{9287A330-3B91-487A-8C6D-499370B915EA}.Debug|x86.ActiveCfg = Debug|Any CPU
		{9287A330-3B91-487A-8C6D-499370B915EA}.Debug|x86.Build.0 = Debug|Any CPU
		{9287A330-3B91-487A-8C6D-499370B915EA}.Release|Any CPU.ActiveCfg = Release|Any CPU
		{9287A330-3B91-487A-8C6D-499370B915EA}.Release|Any CPU.Build.0 = Release|Any CPU
		{9287A330-3B91-487A-8C6D-499370B915EA}.Release|x64.ActiveCfg = Release|Any CPU
		{9287A330-3B91-487A-8C6D-499370B915EA}.Release|x64.Build.0 = Release|Any CPU
		{9287A330-3B91-487A-8C6D-499370B915EA}.Release|x86.ActiveCfg = Release|Any CPU
		{9287A330-3B91-487A-8C6D-499370B915EA}.Release|x86.Build.0 = Release|Any CPU
		{32BCD25F-64F8-45ED-82F2-91E20AEC87EE}.Debug|Any CPU.ActiveCfg = Debug|Any CPU
		{32BCD25F-64F8-45ED-82F2-91E20AEC87EE}.Debug|Any CPU.Build.0 = Debug|Any CPU
		{32BCD25F-64F8-45ED-82F2-91E20AEC87EE}.Debug|x64.ActiveCfg = Debug|Any CPU
		{32BCD25F-64F8-45ED-82F2-91E20AEC87EE}.Debug|x64.Build.0 = Debug|Any CPU
		{32BCD25F-64F8-45ED-82F2-91E20AEC87EE}.Debug|x86.ActiveCfg = Debug|Any CPU
		{32BCD25F-64F8-45ED-82F2-91E20AEC87EE}.Debug|x86.Build.0 = Debug|Any CPU
		{32BCD25F-64F8-45ED-82F2-91E20AEC87EE}.Release|Any CPU.ActiveCfg = Release|Any CPU
		{32BCD25F-64F8-45ED-82F2-91E20AEC87EE}.Release|Any CPU.Build.0 = Release|Any CPU
		{32BCD25F-64F8-45ED-82F2-91E20AEC87EE}.Release|x64.ActiveCfg = Release|Any CPU
		{32BCD25F-64F8-45ED-82F2-91E20AEC87EE}.Release|x64.Build.0 = Release|Any CPU
		{32BCD25F-64F8-45ED-82F2-91E20AEC87EE}.Release|x86.ActiveCfg = Release|Any CPU
		{32BCD25F-64F8-45ED-82F2-91E20AEC87EE}.Release|x86.Build.0 = Release|Any CPU
		{3EB809DC-2DD6-415E-904E-59AEAF8BE58F}.Debug|Any CPU.ActiveCfg = Debug|Any CPU
		{3EB809DC-2DD6-415E-904E-59AEAF8BE58F}.Debug|Any CPU.Build.0 = Debug|Any CPU
		{3EB809DC-2DD6-415E-904E-59AEAF8BE58F}.Debug|x64.ActiveCfg = Debug|Any CPU
		{3EB809DC-2DD6-415E-904E-59AEAF8BE58F}.Debug|x64.Build.0 = Debug|Any CPU
		{3EB809DC-2DD6-415E-904E-59AEAF8BE58F}.Debug|x86.ActiveCfg = Debug|Any CPU
		{3EB809DC-2DD6-415E-904E-59AEAF8BE58F}.Debug|x86.Build.0 = Debug|Any CPU
		{3EB809DC-2DD6-415E-904E-59AEAF8BE58F}.Release|Any CPU.ActiveCfg = Release|Any CPU
		{3EB809DC-2DD6-415E-904E-59AEAF8BE58F}.Release|Any CPU.Build.0 = Release|Any CPU
		{3EB809DC-2DD6-415E-904E-59AEAF8BE58F}.Release|x64.ActiveCfg = Release|Any CPU
		{3EB809DC-2DD6-415E-904E-59AEAF8BE58F}.Release|x64.Build.0 = Release|Any CPU
		{3EB809DC-2DD6-415E-904E-59AEAF8BE58F}.Release|x86.ActiveCfg = Release|Any CPU
		{3EB809DC-2DD6-415E-904E-59AEAF8BE58F}.Release|x86.Build.0 = Release|Any CPU
		{EE0F766E-EC25-4314-8F43-F5D6A682C5A2}.Debug|Any CPU.ActiveCfg = Debug|Any CPU
		{EE0F766E-EC25-4314-8F43-F5D6A682C5A2}.Debug|Any CPU.Build.0 = Debug|Any CPU
		{EE0F766E-EC25-4314-8F43-F5D6A682C5A2}.Debug|x64.ActiveCfg = Debug|Any CPU
		{EE0F766E-EC25-4314-8F43-F5D6A682C5A2}.Debug|x64.Build.0 = Debug|Any CPU
		{EE0F766E-EC25-4314-8F43-F5D6A682C5A2}.Debug|x86.ActiveCfg = Debug|Any CPU
		{EE0F766E-EC25-4314-8F43-F5D6A682C5A2}.Debug|x86.Build.0 = Debug|Any CPU
		{EE0F766E-EC25-4314-8F43-F5D6A682C5A2}.Release|Any CPU.ActiveCfg = Release|Any CPU
		{EE0F766E-EC25-4314-8F43-F5D6A682C5A2}.Release|Any CPU.Build.0 = Release|Any CPU
		{EE0F766E-EC25-4314-8F43-F5D6A682C5A2}.Release|x64.ActiveCfg = Release|Any CPU
		{EE0F766E-EC25-4314-8F43-F5D6A682C5A2}.Release|x64.Build.0 = Release|Any CPU
		{EE0F766E-EC25-4314-8F43-F5D6A682C5A2}.Release|x86.ActiveCfg = Release|Any CPU
		{EE0F766E-EC25-4314-8F43-F5D6A682C5A2}.Release|x86.Build.0 = Release|Any CPU
		{4C47A6BD-8700-4453-A1ED-DE8B3720190D}.Debug|Any CPU.ActiveCfg = Debug|Any CPU
		{4C47A6BD-8700-4453-A1ED-DE8B3720190D}.Debug|Any CPU.Build.0 = Debug|Any CPU
		{4C47A6BD-8700-4453-A1ED-DE8B3720190D}.Debug|x64.ActiveCfg = Debug|Any CPU
		{4C47A6BD-8700-4453-A1ED-DE8B3720190D}.Debug|x64.Build.0 = Debug|Any CPU
		{4C47A6BD-8700-4453-A1ED-DE8B3720190D}.Debug|x86.ActiveCfg = Debug|Any CPU
		{4C47A6BD-8700-4453-A1ED-DE8B3720190D}.Debug|x86.Build.0 = Debug|Any CPU
		{4C47A6BD-8700-4453-A1ED-DE8B3720190D}.Release|Any CPU.ActiveCfg = Release|Any CPU
		{4C47A6BD-8700-4453-A1ED-DE8B3720190D}.Release|Any CPU.Build.0 = Release|Any CPU
		{4C47A6BD-8700-4453-A1ED-DE8B3720190D}.Release|x64.ActiveCfg = Release|Any CPU
		{4C47A6BD-8700-4453-A1ED-DE8B3720190D}.Release|x64.Build.0 = Release|Any CPU
		{4C47A6BD-8700-4453-A1ED-DE8B3720190D}.Release|x86.ActiveCfg = Release|Any CPU
		{4C47A6BD-8700-4453-A1ED-DE8B3720190D}.Release|x86.Build.0 = Release|Any CPU
		{BCCA343E-7BA1-4CD9-9789-68C514F044A9}.Debug|Any CPU.ActiveCfg = Debug|Any CPU
		{BCCA343E-7BA1-4CD9-9789-68C514F044A9}.Debug|Any CPU.Build.0 = Debug|Any CPU
		{BCCA343E-7BA1-4CD9-9789-68C514F044A9}.Debug|x64.ActiveCfg = Debug|Any CPU
		{BCCA343E-7BA1-4CD9-9789-68C514F044A9}.Debug|x64.Build.0 = Debug|Any CPU
		{BCCA343E-7BA1-4CD9-9789-68C514F044A9}.Debug|x86.ActiveCfg = Debug|Any CPU
		{BCCA343E-7BA1-4CD9-9789-68C514F044A9}.Debug|x86.Build.0 = Debug|Any CPU
		{BCCA343E-7BA1-4CD9-9789-68C514F044A9}.Release|Any CPU.ActiveCfg = Release|Any CPU
		{BCCA343E-7BA1-4CD9-9789-68C514F044A9}.Release|Any CPU.Build.0 = Release|Any CPU
		{BCCA343E-7BA1-4CD9-9789-68C514F044A9}.Release|x64.ActiveCfg = Release|Any CPU
		{BCCA343E-7BA1-4CD9-9789-68C514F044A9}.Release|x64.Build.0 = Release|Any CPU
		{BCCA343E-7BA1-4CD9-9789-68C514F044A9}.Release|x86.ActiveCfg = Release|Any CPU
		{BCCA343E-7BA1-4CD9-9789-68C514F044A9}.Release|x86.Build.0 = Release|Any CPU
		{ABD3CE97-65D8-4791-ADE8-D556A814BAB8}.Debug|Any CPU.ActiveCfg = Debug|Any CPU
		{ABD3CE97-65D8-4791-ADE8-D556A814BAB8}.Debug|Any CPU.Build.0 = Debug|Any CPU
		{ABD3CE97-65D8-4791-ADE8-D556A814BAB8}.Debug|x64.ActiveCfg = Debug|Any CPU
		{ABD3CE97-65D8-4791-ADE8-D556A814BAB8}.Debug|x64.Build.0 = Debug|Any CPU
		{ABD3CE97-65D8-4791-ADE8-D556A814BAB8}.Debug|x86.ActiveCfg = Debug|Any CPU
		{ABD3CE97-65D8-4791-ADE8-D556A814BAB8}.Debug|x86.Build.0 = Debug|Any CPU
		{ABD3CE97-65D8-4791-ADE8-D556A814BAB8}.Release|Any CPU.ActiveCfg = Release|Any CPU
		{ABD3CE97-65D8-4791-ADE8-D556A814BAB8}.Release|Any CPU.Build.0 = Release|Any CPU
		{ABD3CE97-65D8-4791-ADE8-D556A814BAB8}.Release|x64.ActiveCfg = Release|Any CPU
		{ABD3CE97-65D8-4791-ADE8-D556A814BAB8}.Release|x64.Build.0 = Release|Any CPU
		{ABD3CE97-65D8-4791-ADE8-D556A814BAB8}.Release|x86.ActiveCfg = Release|Any CPU
		{ABD3CE97-65D8-4791-ADE8-D556A814BAB8}.Release|x86.Build.0 = Release|Any CPU
		{0CBF6A25-FCEA-4893-879B-98C7270F2279}.Debug|Any CPU.ActiveCfg = Debug|Any CPU
		{0CBF6A25-FCEA-4893-879B-98C7270F2279}.Debug|Any CPU.Build.0 = Debug|Any CPU
		{0CBF6A25-FCEA-4893-879B-98C7270F2279}.Debug|Any CPU.Deploy.0 = Debug|Any CPU
		{0CBF6A25-FCEA-4893-879B-98C7270F2279}.Debug|x64.ActiveCfg = Debug|Any CPU
		{0CBF6A25-FCEA-4893-879B-98C7270F2279}.Debug|x64.Build.0 = Debug|Any CPU
		{0CBF6A25-FCEA-4893-879B-98C7270F2279}.Debug|x64.Deploy.0 = Debug|Any CPU
		{0CBF6A25-FCEA-4893-879B-98C7270F2279}.Debug|x86.ActiveCfg = Debug|Any CPU
		{0CBF6A25-FCEA-4893-879B-98C7270F2279}.Debug|x86.Build.0 = Debug|Any CPU
		{0CBF6A25-FCEA-4893-879B-98C7270F2279}.Debug|x86.Deploy.0 = Debug|Any CPU
		{0CBF6A25-FCEA-4893-879B-98C7270F2279}.Release|Any CPU.ActiveCfg = Release|Any CPU
		{0CBF6A25-FCEA-4893-879B-98C7270F2279}.Release|Any CPU.Build.0 = Release|Any CPU
		{0CBF6A25-FCEA-4893-879B-98C7270F2279}.Release|Any CPU.Deploy.0 = Release|Any CPU
		{0CBF6A25-FCEA-4893-879B-98C7270F2279}.Release|x64.ActiveCfg = Release|Any CPU
		{0CBF6A25-FCEA-4893-879B-98C7270F2279}.Release|x64.Build.0 = Release|Any CPU
		{0CBF6A25-FCEA-4893-879B-98C7270F2279}.Release|x64.Deploy.0 = Release|Any CPU
		{0CBF6A25-FCEA-4893-879B-98C7270F2279}.Release|x86.ActiveCfg = Release|Any CPU
		{0CBF6A25-FCEA-4893-879B-98C7270F2279}.Release|x86.Build.0 = Release|Any CPU
		{0CBF6A25-FCEA-4893-879B-98C7270F2279}.Release|x86.Deploy.0 = Release|Any CPU
		{BF817CDD-7A33-4B15-BEF9-A9A0041F45FF}.Debug|Any CPU.ActiveCfg = Debug|Any CPU
		{BF817CDD-7A33-4B15-BEF9-A9A0041F45FF}.Debug|Any CPU.Build.0 = Debug|Any CPU
		{BF817CDD-7A33-4B15-BEF9-A9A0041F45FF}.Debug|x64.ActiveCfg = Debug|Any CPU
		{BF817CDD-7A33-4B15-BEF9-A9A0041F45FF}.Debug|x64.Build.0 = Debug|Any CPU
		{BF817CDD-7A33-4B15-BEF9-A9A0041F45FF}.Debug|x86.ActiveCfg = Debug|Any CPU
		{BF817CDD-7A33-4B15-BEF9-A9A0041F45FF}.Debug|x86.Build.0 = Debug|Any CPU
		{BF817CDD-7A33-4B15-BEF9-A9A0041F45FF}.Release|Any CPU.ActiveCfg = Release|Any CPU
		{BF817CDD-7A33-4B15-BEF9-A9A0041F45FF}.Release|Any CPU.Build.0 = Release|Any CPU
		{BF817CDD-7A33-4B15-BEF9-A9A0041F45FF}.Release|x64.ActiveCfg = Release|Any CPU
		{BF817CDD-7A33-4B15-BEF9-A9A0041F45FF}.Release|x64.Build.0 = Release|Any CPU
		{BF817CDD-7A33-4B15-BEF9-A9A0041F45FF}.Release|x86.ActiveCfg = Release|Any CPU
		{BF817CDD-7A33-4B15-BEF9-A9A0041F45FF}.Release|x86.Build.0 = Release|Any CPU
		{7304070A-6AED-4517-ACDE-F2A775DC8436}.Debug|Any CPU.ActiveCfg = Debug|Any CPU
		{7304070A-6AED-4517-ACDE-F2A775DC8436}.Debug|Any CPU.Build.0 = Debug|Any CPU
		{7304070A-6AED-4517-ACDE-F2A775DC8436}.Debug|x64.ActiveCfg = Debug|Any CPU
		{7304070A-6AED-4517-ACDE-F2A775DC8436}.Debug|x64.Build.0 = Debug|Any CPU
		{7304070A-6AED-4517-ACDE-F2A775DC8436}.Debug|x86.ActiveCfg = Debug|Any CPU
		{7304070A-6AED-4517-ACDE-F2A775DC8436}.Debug|x86.Build.0 = Debug|Any CPU
		{7304070A-6AED-4517-ACDE-F2A775DC8436}.Release|Any CPU.ActiveCfg = Release|Any CPU
		{7304070A-6AED-4517-ACDE-F2A775DC8436}.Release|Any CPU.Build.0 = Release|Any CPU
		{7304070A-6AED-4517-ACDE-F2A775DC8436}.Release|x64.ActiveCfg = Release|Any CPU
		{7304070A-6AED-4517-ACDE-F2A775DC8436}.Release|x64.Build.0 = Release|Any CPU
		{7304070A-6AED-4517-ACDE-F2A775DC8436}.Release|x86.ActiveCfg = Release|Any CPU
		{7304070A-6AED-4517-ACDE-F2A775DC8436}.Release|x86.Build.0 = Release|Any CPU
		{4FB72B94-1B64-455D-A439-EA6214025444}.Debug|Any CPU.ActiveCfg = Debug|Any CPU
		{4FB72B94-1B64-455D-A439-EA6214025444}.Debug|Any CPU.Build.0 = Debug|Any CPU
		{4FB72B94-1B64-455D-A439-EA6214025444}.Debug|x64.ActiveCfg = Debug|Any CPU
		{4FB72B94-1B64-455D-A439-EA6214025444}.Debug|x64.Build.0 = Debug|Any CPU
		{4FB72B94-1B64-455D-A439-EA6214025444}.Debug|x86.ActiveCfg = Debug|Any CPU
		{4FB72B94-1B64-455D-A439-EA6214025444}.Debug|x86.Build.0 = Debug|Any CPU
		{4FB72B94-1B64-455D-A439-EA6214025444}.Release|Any CPU.ActiveCfg = Release|Any CPU
		{4FB72B94-1B64-455D-A439-EA6214025444}.Release|Any CPU.Build.0 = Release|Any CPU
		{4FB72B94-1B64-455D-A439-EA6214025444}.Release|x64.ActiveCfg = Release|Any CPU
		{4FB72B94-1B64-455D-A439-EA6214025444}.Release|x64.Build.0 = Release|Any CPU
		{4FB72B94-1B64-455D-A439-EA6214025444}.Release|x86.ActiveCfg = Release|Any CPU
		{4FB72B94-1B64-455D-A439-EA6214025444}.Release|x86.Build.0 = Release|Any CPU
		{F3642A66-BC31-493D-81F0-871862E92088}.Debug|Any CPU.ActiveCfg = Debug|Any CPU
		{F3642A66-BC31-493D-81F0-871862E92088}.Debug|Any CPU.Build.0 = Debug|Any CPU
		{F3642A66-BC31-493D-81F0-871862E92088}.Debug|x64.ActiveCfg = Debug|Any CPU
		{F3642A66-BC31-493D-81F0-871862E92088}.Debug|x64.Build.0 = Debug|Any CPU
		{F3642A66-BC31-493D-81F0-871862E92088}.Debug|x86.ActiveCfg = Debug|Any CPU
		{F3642A66-BC31-493D-81F0-871862E92088}.Debug|x86.Build.0 = Debug|Any CPU
		{F3642A66-BC31-493D-81F0-871862E92088}.Release|Any CPU.ActiveCfg = Release|Any CPU
		{F3642A66-BC31-493D-81F0-871862E92088}.Release|Any CPU.Build.0 = Release|Any CPU
		{F3642A66-BC31-493D-81F0-871862E92088}.Release|x64.ActiveCfg = Release|Any CPU
		{F3642A66-BC31-493D-81F0-871862E92088}.Release|x64.Build.0 = Release|Any CPU
		{F3642A66-BC31-493D-81F0-871862E92088}.Release|x86.ActiveCfg = Release|Any CPU
		{F3642A66-BC31-493D-81F0-871862E92088}.Release|x86.Build.0 = Release|Any CPU
		{4C687B07-0E9F-459A-AF87-17775E38A377}.Debug|Any CPU.ActiveCfg = Debug|Any CPU
		{4C687B07-0E9F-459A-AF87-17775E38A377}.Debug|Any CPU.Build.0 = Debug|Any CPU
		{4C687B07-0E9F-459A-AF87-17775E38A377}.Debug|x64.ActiveCfg = Debug|Any CPU
		{4C687B07-0E9F-459A-AF87-17775E38A377}.Debug|x64.Build.0 = Debug|Any CPU
		{4C687B07-0E9F-459A-AF87-17775E38A377}.Debug|x86.ActiveCfg = Debug|Any CPU
		{4C687B07-0E9F-459A-AF87-17775E38A377}.Debug|x86.Build.0 = Debug|Any CPU
		{4C687B07-0E9F-459A-AF87-17775E38A377}.Release|Any CPU.ActiveCfg = Release|Any CPU
		{4C687B07-0E9F-459A-AF87-17775E38A377}.Release|Any CPU.Build.0 = Release|Any CPU
		{4C687B07-0E9F-459A-AF87-17775E38A377}.Release|x64.ActiveCfg = Release|Any CPU
		{4C687B07-0E9F-459A-AF87-17775E38A377}.Release|x64.Build.0 = Release|Any CPU
		{4C687B07-0E9F-459A-AF87-17775E38A377}.Release|x86.ActiveCfg = Release|Any CPU
		{4C687B07-0E9F-459A-AF87-17775E38A377}.Release|x86.Build.0 = Release|Any CPU
		{89CA7498-CD19-44F5-81E3-8B139F739E59}.Debug|Any CPU.ActiveCfg = Debug|Any CPU
		{89CA7498-CD19-44F5-81E3-8B139F739E59}.Debug|Any CPU.Build.0 = Debug|Any CPU
		{89CA7498-CD19-44F5-81E3-8B139F739E59}.Debug|x64.ActiveCfg = Debug|Any CPU
		{89CA7498-CD19-44F5-81E3-8B139F739E59}.Debug|x64.Build.0 = Debug|Any CPU
		{89CA7498-CD19-44F5-81E3-8B139F739E59}.Debug|x86.ActiveCfg = Debug|Any CPU
		{89CA7498-CD19-44F5-81E3-8B139F739E59}.Debug|x86.Build.0 = Debug|Any CPU
		{89CA7498-CD19-44F5-81E3-8B139F739E59}.Release|Any CPU.ActiveCfg = Release|Any CPU
		{89CA7498-CD19-44F5-81E3-8B139F739E59}.Release|Any CPU.Build.0 = Release|Any CPU
		{89CA7498-CD19-44F5-81E3-8B139F739E59}.Release|x64.ActiveCfg = Release|Any CPU
		{89CA7498-CD19-44F5-81E3-8B139F739E59}.Release|x64.Build.0 = Release|Any CPU
		{89CA7498-CD19-44F5-81E3-8B139F739E59}.Release|x86.ActiveCfg = Release|Any CPU
		{89CA7498-CD19-44F5-81E3-8B139F739E59}.Release|x86.Build.0 = Release|Any CPU
	EndGlobalSection
	GlobalSection(SolutionProperties) = preSolution
		HideSolutionNode = FALSE
	EndGlobalSection
	GlobalSection(NestedProjects) = preSolution
		{ACDEE3FB-3C7D-4016-AB55-AD9B2B8B704D} = {76E11640-1F17-48B8-AD3E-45F1635DEBF5}
		{C1D9695D-20B7-4F98-AC46-CB9B342CCC22} = {204FE026-44A4-4D8F-87FD-BBDECE935061}
		{50D7D59D-E4FF-4439-9C9E-70EF14FE2A8E} = {DECE960B-BDC7-4D30-8914-88BC62097DEE}
		{CE55506F-156E-490E-8649-0AE433DA63B5} = {3893F74C-BF4F-48BF-96C4-78362F06E435}
		{0C3C59A1-56EB-448B-B279-459DC7E3DB8E} = {6646AFA9-FD96-435D-8829-DB0D4A93323F}
		{48285A8A-BBEE-4BF2-98CE-01BC30E9BFC0} = {8B89CD08-65A3-4645-AEC8-B590F85FCBE1}
		{0EC45958-9D4C-40EE-8581-83425C39EC1B} = {76E11640-1F17-48B8-AD3E-45F1635DEBF5}
		{2D48F0AF-12A4-4F23-8D4B-CC21946A55EC} = {17F5F5DA-0C04-45B9-9786-2A8C4874E3D4}
		{C3DC1F07-C6EA-4D05-82AD-3B8C0099FA38} = {2D48F0AF-12A4-4F23-8D4B-CC21946A55EC}
		{DECE960B-BDC7-4D30-8914-88BC62097DEE} = {2D48F0AF-12A4-4F23-8D4B-CC21946A55EC}
		{204FE026-44A4-4D8F-87FD-BBDECE935061} = {2D48F0AF-12A4-4F23-8D4B-CC21946A55EC}
		{76E11640-1F17-48B8-AD3E-45F1635DEBF5} = {17F5F5DA-0C04-45B9-9786-2A8C4874E3D4}
		{1288AD58-942A-403B-84F6-FD39C31AFDFE} = {17F5F5DA-0C04-45B9-9786-2A8C4874E3D4}
		{6646AFA9-FD96-435D-8829-DB0D4A93323F} = {1288AD58-942A-403B-84F6-FD39C31AFDFE}
		{8B89CD08-65A3-4645-AEC8-B590F85FCBE1} = {1288AD58-942A-403B-84F6-FD39C31AFDFE}
		{3893F74C-BF4F-48BF-96C4-78362F06E435} = {17F5F5DA-0C04-45B9-9786-2A8C4874E3D4}
		{D8DA06F5-11A7-45C3-B84E-A83DA9F8BDA0} = {17F5F5DA-0C04-45B9-9786-2A8C4874E3D4}
		{DB49E001-4230-4C03-AB39-A9B3F35433AA} = {D8DA06F5-11A7-45C3-B84E-A83DA9F8BDA0}
		{B80AE119-CFAF-471C-A119-A5E3060B1876} = {2D48F0AF-12A4-4F23-8D4B-CC21946A55EC}
		{1070D1C8-9AD0-46AE-8972-CC0AD7C90246} = {B80AE119-CFAF-471C-A119-A5E3060B1876}
		{DFBF973C-1C41-4804-AB9D-7C626BC032A4} = {C3DC1F07-C6EA-4D05-82AD-3B8C0099FA38}
		{B34901DB-B9BC-481C-9758-2F6F3271E256} = {9BCB94E1-F4F5-4CCE-A086-137DD6C88EB8}
		{BEC6E9A3-1CCD-4B75-8F84-7A26BAD537F9} = {78A72E16-3BB7-4866-8978-E5DC0D137D32}
		{8C12E36F-47C2-4CE9-84B6-EB997520B7D2} = {94E5A547-8AC2-4F62-8F2B-F809488A0465}
		{1B70E647-B581-4403-BE27-DD6ECCABA866} = {DAD9D2A0-B725-4DB3-AAA2-5BCE814D7673}
		{DCE311EF-064C-4451-899F-C64C83EB42D4} = {DAD9D2A0-B725-4DB3-AAA2-5BCE814D7673}
		{CC4D4F98-76EF-43DA-9FB6-267ECBDE6B88} = {DF79E3CB-056F-4870-9D3F-B45F68F3F4BB}
		{7D2A3B52-E361-44C5-9B0E-BCA5286E09AC} = {7A70F9CB-EFE0-4BEC-907C-565DC775F15E}
		{052D480C-5819-4DE9-A229-998BFFB360AA} = {CC6D8201-174D-43EC-8549-8FA189133AFE}
		{D8B053E5-B71C-448C-869B-CBC3327766D8} = {D8F32695-E109-4949-B15D-F1B2F3366E49}
		{CCE44758-1BF5-4368-8EE3-E993ED025CDE} = {0221AE1B-E582-4E16-A6CB-2F04CD20437A}
		{0221AE1B-E582-4E16-A6CB-2F04CD20437A} = {CA923EEE-B027-40D4-9421-7D957B46455E}
		{48F57761-A98F-4397-9C24-A1B61E6D2599} = {CA923EEE-B027-40D4-9421-7D957B46455E}
		{9BCB94E1-F4F5-4CCE-A086-137DD6C88EB8} = {48F57761-A98F-4397-9C24-A1B61E6D2599}
		{78A72E16-3BB7-4866-8978-E5DC0D137D32} = {48F57761-A98F-4397-9C24-A1B61E6D2599}
		{DAD9D2A0-B725-4DB3-AAA2-5BCE814D7673} = {CA923EEE-B027-40D4-9421-7D957B46455E}
		{79E46F0D-8711-4032-A003-3BB68E88E2F7} = {CA923EEE-B027-40D4-9421-7D957B46455E}
		{94E5A547-8AC2-4F62-8F2B-F809488A0465} = {79E46F0D-8711-4032-A003-3BB68E88E2F7}
		{DF79E3CB-056F-4870-9D3F-B45F68F3F4BB} = {79E46F0D-8711-4032-A003-3BB68E88E2F7}
		{CC6D8201-174D-43EC-8549-8FA189133AFE} = {79E46F0D-8711-4032-A003-3BB68E88E2F7}
		{7A70F9CB-EFE0-4BEC-907C-565DC775F15E} = {79E46F0D-8711-4032-A003-3BB68E88E2F7}
		{D8F32695-E109-4949-B15D-F1B2F3366E49} = {CA923EEE-B027-40D4-9421-7D957B46455E}
		{678909CD-AF5A-40EC-883D-668C90318CF8} = {C41A9DE7-2A13-424A-A6D3-69ED5C806DB8}
		{83EBD669-5BF2-444E-8902-F44C13DA0A98} = {C41A9DE7-2A13-424A-A6D3-69ED5C806DB8}
		{A441F15B-702E-4977-9154-A8B41E6D5153} = {C41A9DE7-2A13-424A-A6D3-69ED5C806DB8}
		{1CE489C6-D705-418F-95B0-B830A5E8EDBD} = {C41A9DE7-2A13-424A-A6D3-69ED5C806DB8}
		{E6BB707F-ACA6-437F-8B81-41D121476436} = {C41A9DE7-2A13-424A-A6D3-69ED5C806DB8}
		{65CC549B-86DB-4464-BF90-35BDB7AC53D5} = {83EBD669-5BF2-444E-8902-F44C13DA0A98}
		{342AFF97-B110-4FA7-ADFE-FFB9C21298A8} = {83EBD669-5BF2-444E-8902-F44C13DA0A98}
		{08A156DB-A887-49C4-96B9-09D93FF02EA3} = {1CE489C6-D705-418F-95B0-B830A5E8EDBD}
		{A4C7230B-3832-42AF-977C-745F2F36A057} = {1CE489C6-D705-418F-95B0-B830A5E8EDBD}
		{387AE33B-EFAE-447D-81D0-865AB7457AB9} = {1CE489C6-D705-418F-95B0-B830A5E8EDBD}
		{C5BD56C3-05A5-4043-9BF6-8A2C750784E2} = {1CE489C6-D705-418F-95B0-B830A5E8EDBD}
		{BBCAFEAA-9077-4A0E-9031-09833C2EA8C3} = {1CE489C6-D705-418F-95B0-B830A5E8EDBD}
		{3EE074D3-6B93-4B6B-8A9C-26DF26296AC2} = {678909CD-AF5A-40EC-883D-668C90318CF8}
		{62B8A449-56AD-41AE-B537-0461D34C5025} = {65CC549B-86DB-4464-BF90-35BDB7AC53D5}
		{7EFCA7E8-C8F0-4E5E-B082-A8E4D0DEFBDA} = {342AFF97-B110-4FA7-ADFE-FFB9C21298A8}
		{4D49D3CD-2F41-49A7-B80C-BD7AD9DAA42B} = {A441F15B-702E-4977-9154-A8B41E6D5153}
		{AD90F9D8-BF39-48D7-AD6B-D3D3D21923C9} = {A441F15B-702E-4977-9154-A8B41E6D5153}
		{9287A330-3B91-487A-8C6D-499370B915EA} = {08A156DB-A887-49C4-96B9-09D93FF02EA3}
		{32BCD25F-64F8-45ED-82F2-91E20AEC87EE} = {A4C7230B-3832-42AF-977C-745F2F36A057}
		{3EB809DC-2DD6-415E-904E-59AEAF8BE58F} = {387AE33B-EFAE-447D-81D0-865AB7457AB9}
		{EE0F766E-EC25-4314-8F43-F5D6A682C5A2} = {C5BD56C3-05A5-4043-9BF6-8A2C750784E2}
		{4C47A6BD-8700-4453-A1ED-DE8B3720190D} = {E6BB707F-ACA6-437F-8B81-41D121476436}
		{BCCA343E-7BA1-4CD9-9789-68C514F044A9} = {BBCAFEAA-9077-4A0E-9031-09833C2EA8C3}
		{11C7DA5C-DB1D-467F-A0C9-7AD86F6780C4} = {2D48F0AF-12A4-4F23-8D4B-CC21946A55EC}
		{ABD3CE97-65D8-4791-ADE8-D556A814BAB8} = {11C7DA5C-DB1D-467F-A0C9-7AD86F6780C4}
		{0CBF6A25-FCEA-4893-879B-98C7270F2279} = {436E93A2-1DD7-44E6-8C60-1543B78875CC}
		{BF817CDD-7A33-4B15-BEF9-A9A0041F45FF} = {3C1CF2BF-8925-452C-8E03-6B80EE9A77B9}
		{7304070A-6AED-4517-ACDE-F2A775DC8436} = {0221AE1B-E582-4E16-A6CB-2F04CD20437A}
		{4FB72B94-1B64-455D-A439-EA6214025444} = {0221AE1B-E582-4E16-A6CB-2F04CD20437A}
		{F3642A66-BC31-493D-81F0-871862E92088} = {0221AE1B-E582-4E16-A6CB-2F04CD20437A}
		{4C687B07-0E9F-459A-AF87-17775E38A377} = {0221AE1B-E582-4E16-A6CB-2F04CD20437A}
		{89CA7498-CD19-44F5-81E3-8B139F739E59} = {3C1CF2BF-8925-452C-8E03-6B80EE9A77B9}
	EndGlobalSection
	GlobalSection(ExtensibilityGlobals) = postSolution
		SolutionGuid = {CEF1F340-C12E-4B35-A32E-FF4D2CECFB3A}
	EndGlobalSection
EndGlobal
